{
  "lockfileVersion": 1,
  "configVersion": 1,
  "workspaces": {
    "": {
      "name": "claude-telegram-bot-ts",
      "dependencies": {
        "@anthropic-ai/sdk": "^0.20.0",
        "@grammyjs/runner": "^2.0.3",
        "grammy": "^1.38.4"
      },
      "devDependencies": {
        "@types/bun": "latest"
      },
      "peerDependencies": {
        "typescript": "^5"
      }
    }
  },
  "packages": {}
}
